
Microsoft Visual Studio Solution File, Format Version 12.00
# Visual Studio Version 17
VisualStudioVersion = 17.14.36511.14 d17.14
MinimumVisualStudioVersion = 10.0.40219.1
Project("{FAE04EC0-301F-11D3-BF4B-00C04F79EFBC}") = "TestLab2", "TestLab2\TestLab2.csproj", "{B591AC9B-B473-46FE-9EFD-FB718A89EC65}"
EndProject
Global
	GlobalSection(SolutionConfigurationPlatforms) = preSolution
		Debug|Any CPU = Debug|Any CPU
		Release|Any CPU = Release|Any CPU
	EndGlobalSection
	GlobalSection(ProjectConfigurationPlatforms) = postSolution
		{B591AC9B-B473-46FE-9EFD-FB718A89EC65}.Debug|Any CPU.ActiveCfg = Debug|Any CPU
		{B591AC9B-B473-46FE-9EFD-FB718A89EC65}.Debug|Any CPU.Build.0 = Debug|Any CPU
		{B591AC9B-B473-46FE-9EFD-FB718A89EC65}.Release|Any CPU.ActiveCfg = Release|Any CPU
		{B591AC9B-B473-46FE-9EFD-FB718A89EC65}.Release|Any CPU.Build.0 = Release|Any CPU
	EndGlobalSection
	GlobalSection(SolutionProperties) = preSolution
		HideSolutionNode = FALSE
	EndGlobalSection
	GlobalSection(ExtensibilityGlobals) = postSolution
		SolutionGuid = {FE7D5D03-86ED-49FA-8115-D4387CF19121}
	EndGlobalSection
EndGlobal
